
Microsoft Visual Studio Solution File, Format Version 12.00
# Visual Studio Version 16
VisualStudioVersion = 16.0.33927.289
MinimumVisualStudioVersion = 10.0.40219.1
Project("{FAE04EC0-301F-11D3-BF4B-00C04F79EFBC}") = "DataAccess", "DataAccess\DataAccess.csproj", "{490BB600-6D12-4643-BF15-06C2B31BC20E}"
EndProject
Project("{FAE04EC0-301F-11D3-BF4B-00C04F79EFBC}") = "DataAccessTest", "DataAccessTest\DataAccessTest.csproj", "{2AECDEFE-399A-428E-A389-43A3F06AE39C}"
EndProject
Global
	GlobalSection(SolutionConfigurationPlatforms) = preSolution
		Debug|Any CPU = Debug|Any CPU
		Release|Any CPU = Release|Any CPU
	EndGlobalSection
	GlobalSection(ProjectConfigurationPlatforms) = postSolution
		{490BB600-6D12-4643-BF15-06C2B31BC20E}.Debug|Any CPU.ActiveCfg = Debug|Any CPU
		{490BB600-6D12-4643-BF15-06C2B31BC20E}.Debug|Any CPU.Build.0 = Debug|Any CPU
		{490BB600-6D12-4643-BF15-06C2B31BC20E}.Release|Any CPU.ActiveCfg = Release|Any CPU
		{490BB600-6D12-4643-BF15-06C2B31BC20E}.Release|Any CPU.Build.0 = Release|Any CPU
		{2AECDEFE-399A-428E-A389-43A3F06AE39C}.Debug|Any CPU.ActiveCfg = Debug|Any CPU
		{2AECDEFE-399A-428E-A389-43A3F06AE39C}.Debug|Any CPU.Build.0 = Debug|Any CPU
		{2AECDEFE-399A-428E-A389-43A3F06AE39C}.Release|Any CPU.ActiveCfg = Release|Any CPU
		{2AECDEFE-399A-428E-A389-43A3F06AE39C}.Release|Any CPU.Build.0 = Release|Any CPU
	EndGlobalSection
	GlobalSection(SolutionProperties) = preSolution
		HideSolutionNode = FALSE
	EndGlobalSection
	GlobalSection(ExtensibilityGlobals) = postSolution
		SolutionGuid = {FF8A5A26-1AA1-4F98-8326-6CDB9BCB39FB}
	EndGlobalSection
EndGlobal
